
Microsoft Visual Studio Solution File, Format Version 12.00
# Visual Studio 15
VisualStudioVersion = 15.0.28010.2019
MinimumVisualStudioVersion = 10.0.40219.1
Project("{FAE04EC0-301F-11D3-BF4B-00C04F79EFBC}") = "GUIform", "GUIform\GUIform.csproj", "{A65D5783-68B1-4E53-BCE1-E0C40D9EACBF}"
EndProject
Project("{FAE04EC0-301F-11D3-BF4B-00C04F79EFBC}") = "GUIformTests1", "GUIformTests1\GUIformTests1.csproj", "{DFB6E872-AAC5-47FD-A8FD-D9037A1C8848}"
EndProject
Global
	GlobalSection(SolutionConfigurationPlatforms) = preSolution
		Debug|Any CPU = Debug|Any CPU
		Release|Any CPU = Release|Any CPU
	EndGlobalSection
	GlobalSection(ProjectConfigurationPlatforms) = postSolution
		{A65D5783-68B1-4E53-BCE1-E0C40D9EACBF}.Debug|Any CPU.ActiveCfg = Debug|Any CPU
		{A65D5783-68B1-4E53-BCE1-E0C40D9EACBF}.Debug|Any CPU.Build.0 = Debug|Any CPU
		{A65D5783-68B1-4E53-BCE1-E0C40D9EACBF}.Release|Any CPU.ActiveCfg = Release|Any CPU
		{A65D5783-68B1-4E53-BCE1-E0C40D9EACBF}.Release|Any CPU.Build.0 = Release|Any CPU
		{DFB6E872-AAC5-47FD-A8FD-D9037A1C8848}.Debug|Any CPU.ActiveCfg = Debug|Any CPU
		{DFB6E872-AAC5-47FD-A8FD-D9037A1C8848}.Debug|Any CPU.Build.0 = Debug|Any CPU
		{DFB6E872-AAC5-47FD-A8FD-D9037A1C8848}.Release|Any CPU.ActiveCfg = Release|Any CPU
		{DFB6E872-AAC5-47FD-A8FD-D9037A1C8848}.Release|Any CPU.Build.0 = Release|Any CPU
	EndGlobalSection
	GlobalSection(SolutionProperties) = preSolution
		HideSolutionNode = FALSE
	EndGlobalSection
	GlobalSection(ExtensibilityGlobals) = postSolution
		SolutionGuid = {C8246768-8D43-48A1-9A74-386589B30B69}
	EndGlobalSection
EndGlobal
